// !$*UTF8*$!
{
	archiveVersion = 1;
	classes = {
	};
	objectVersion = 46;
	objects = {

/* Begin PBXBuildFile section */
		761DABFA1C1D176100924A01 /* TipsView.m in Sources */ = {isa = PBXBuildFile; fileRef = 761DABF91C1D176100924A01 /* TipsView.m */; };
		76642F931C1B87DA000E077A /* SelectView.m in Sources */ = {isa = PBXBuildFile; fileRef = 76642F921C1B87DA000E077A /* SelectView.m */; };
		767887D31C18ADDB008A34C0 /* main.m in Sources */ = {isa = PBXBuildFile; fileRef = 767887D21C18ADDB008A34C0 /* main.m */; };
		767887D61C18ADDB008A34C0 /* AppDelegate.m in Sources */ = {isa = PBXBuildFile; fileRef = 767887D51C18ADDB008A34C0 /* AppDelegate.m */; };
		767887D91C18ADDB008A34C0 /* ViewController.m in Sources */ = {isa = PBXBuildFile; fileRef = 767887D81C18ADDB008A34C0 /* ViewController.m */; };
		767887DC1C18ADDB008A34C0 /* Main.storyboard in Resources */ = {isa = PBXBuildFile; fileRef = 767887DA1C18ADDB008A34C0 /* Main.storyboard */; };
		767887DE1C18ADDB008A34C0 /* Assets.xcassets in Resources */ = {isa = PBXBuildFile; fileRef = 767887DD1C18ADDB008A34C0 /* Assets.xcassets */; };
		767887E11C18ADDB008A34C0 /* LaunchScreen.storyboard in Resources */ = {isa = PBXBuildFile; fileRef = 767887DF1C18ADDB008A34C0 /* LaunchScreen.storyboard */; };
		767887EC1C18ADDB008A34C0 /* TiltAppTests.m in Sources */ = {isa = PBXBuildFile; fileRef = 767887EB1C18ADDB008A34C0 /* TiltAppTests.m */; };
		767887F71C18ADDB008A34C0 /* TiltAppUITests.m in Sources */ = {isa = PBXBuildFile; fileRef = 767887F61C18ADDB008A34C0 /* TiltAppUITests.m */; };
		767888061C18AEBB008A34C0 /* SelectViewController.m in Sources */ = {isa = PBXBuildFile; fileRef = 767888051C18AEBB008A34C0 /* SelectViewController.m */; };
		767888091C18AECF008A34C0 /* MainAPI.m in Sources */ = {isa = PBXBuildFile; fileRef = 767888081C18AECF008A34C0 /* MainAPI.m */; };
		76DD48AF1C1E5DCA00E47F9F /* CoreLocation.framework in Frameworks */ = {isa = PBXBuildFile; fileRef = 76E1DD5B1C1BD31D00656AB0 /* CoreLocation.framework */; };
		76DD48B11C1E5DCF00E47F9F /* MapKit.framework in Frameworks */ = {isa = PBXBuildFile; fileRef = 76DD48B01C1E5DCF00E47F9F /* MapKit.framework */; };
		BE35C7789DC63CCF9C156FA7 /* libPods-TiltApp.a in Frameworks */ = {isa = PBXBuildFile; fileRef = 85C14DE43504095EE1699137 /* libPods-TiltApp.a */; };
/* End PBXBuildFile section */

/* Begin PBXContainerItemProxy section */
		767887E81C18ADDB008A34C0 /* PBXContainerItemProxy */ = {
			isa = PBXContainerItemProxy;
			containerPortal = 767887C61C18ADDB008A34C0 /* Project object */;
			proxyType = 1;
			remoteGlobalIDString = 767887CD1C18ADDB008A34C0;
			remoteInfo = TiltApp;
		};
		767887F31C18ADDB008A34C0 /* PBXContainerItemProxy */ = {
			isa = PBXContainerItemProxy;
			containerPortal = 767887C61C18ADDB008A34C0 /* Project object */;
			proxyType = 1;
			remoteGlobalIDString = 767887CD1C18ADDB008A34C0;
			remoteInfo = TiltApp;
		};
/* End PBXContainerItemProxy section */

/* Begin PBXFileReference section */
		761DABF81C1D176100924A01 /* TipsView.h */ = {isa = PBXFileReference; fileEncoding = 4; lastKnownFileType = sourcecode.c.h; path = TipsView.h; sourceTree = "<group>"; };
		761DABF91C1D176100924A01 /* TipsView.m */ = {isa = PBXFileReference; fileEncoding = 4; lastKnownFileType = sourcecode.c.objc; path = TipsView.m; sourceTree = "<group>"; };
		76642F911C1B87DA000E077A /* SelectView.h */ = {isa = PBXFileReference; fileEncoding = 4; lastKnownFileType = sourcecode.c.h; path = SelectView.h; sourceTree = "<group>"; };
		76642F921C1B87DA000E077A /* SelectView.m */ = {isa = PBXFileReference; fileEncoding = 4; lastKnownFileType = sourcecode.c.objc; path = SelectView.m; sourceTree = "<group>"; };
		767887CE1C18ADDB008A34C0 /* TiltApp.app */ = {isa = PBXFileReference; explicitFileType = wrapper.application; includeInIndex = 0; path = TiltApp.app; sourceTree = BUILT_PRODUCTS_DIR; };
		767887D21C18ADDB008A34C0 /* main.m */ = {isa = PBXFileReference; lastKnownFileType = sourcecode.c.objc; path = main.m; sourceTree = "<group>"; };
		767887D41C18ADDB008A34C0 /* AppDelegate.h */ = {isa = PBXFileReference; lastKnownFileType = sourcecode.c.h; path = AppDelegate.h; sourceTree = "<group>"; };
		767887D51C18ADDB008A34C0 /* AppDelegate.m */ = {isa = PBXFileReference; lastKnownFileType = sourcecode.c.objc; path = AppDelegate.m; sourceTree = "<group>"; };
		767887D71C18ADDB008A34C0 /* ViewController.h */ = {isa = PBXFileReference; lastKnownFileType = sourcecode.c.h; path = ViewController.h; sourceTree = "<group>"; };
		767887D81C18ADDB008A34C0 /* ViewController.m */ = {isa = PBXFileReference; lastKnownFileType = sourcecode.c.objc; path = ViewController.m; sourceTree = "<group>"; };
		767887DB1C18ADDB008A34C0 /* Base */ = {isa = PBXFileReference; lastKnownFileType = file.storyboard; name = Base; path = Base.lproj/Main.storyboard; sourceTree = "<group>"; };
		767887DD1C18ADDB008A34C0 /* Assets.xcassets */ = {isa = PBXFileReference; lastKnownFileType = folder.assetcatalog; path = Assets.xcassets; sourceTree = "<group>"; };
		767887E01C18ADDB008A34C0 /* Base */ = {isa = PBXFileReference; lastKnownFileType = file.storyboard; name = Base; path = Base.lproj/LaunchScreen.storyboard; sourceTree = "<group>"; };
		767887E21C18ADDB008A34C0 /* Info.plist */ = {isa = PBXFileReference; lastKnownFileType = text.plist.xml; path = Info.plist; sourceTree = "<group>"; };
		767887E71C18ADDB008A34C0 /* TiltAppTests.xctest */ = {isa = PBXFileReference; explicitFileType = wrapper.cfbundle; includeInIndex = 0; path = TiltAppTests.xctest; sourceTree = BUILT_PRODUCTS_DIR; };
		767887EB1C18ADDB008A34C0 /* TiltAppTests.m */ = {isa = PBXFileReference; lastKnownFileType = sourcecode.c.objc; path = TiltAppTests.m; sourceTree = "<group>"; };
		767887ED1C18ADDB008A34C0 /* Info.plist */ = {isa = PBXFileReference; lastKnownFileType = text.plist.xml; path = Info.plist; sourceTree = "<group>"; };
		767887F21C18ADDB008A34C0 /* TiltAppUITests.xctest */ = {isa = PBXFileReference; explicitFileType = wrapper.cfbundle; includeInIndex = 0; path = TiltAppUITests.xctest; sourceTree = BUILT_PRODUCTS_DIR; };
		767887F61C18ADDB008A34C0 /* TiltAppUITests.m */ = {isa = PBXFileReference; lastKnownFileType = sourcecode.c.objc; path = TiltAppUITests.m; sourceTree = "<group>"; };
		767887F81C18ADDB008A34C0 /* Info.plist */ = {isa = PBXFileReference; lastKnownFileType = text.plist.xml; path = Info.plist; sourceTree = "<group>"; };
		767888041C18AEBB008A34C0 /* SelectViewController.h */ = {isa = PBXFileReference; fileEncoding = 4; lastKnownFileType = sourcecode.c.h; path = SelectViewController.h; sourceTree = "<group>"; };
		767888051C18AEBB008A34C0 /* SelectViewController.m */ = {isa = PBXFileReference; fileEncoding = 4; lastKnownFileType = sourcecode.c.objc; path = SelectViewController.m; sourceTree = "<group>"; };
		767888071C18AECF008A34C0 /* MainAPI.h */ = {isa = PBXFileReference; fileEncoding = 4; lastKnownFileType = sourcecode.c.h; path = MainAPI.h; sourceTree = "<group>"; };
		767888081C18AECF008A34C0 /* MainAPI.m */ = {isa = PBXFileReference; fileEncoding = 4; lastKnownFileType = sourcecode.c.objc; path = MainAPI.m; sourceTree = "<group>"; };
		76DD48B01C1E5DCF00E47F9F /* MapKit.framework */ = {isa = PBXFileReference; lastKnownFileType = wrapper.framework; name = MapKit.framework; path = System/Library/Frameworks/MapKit.framework; sourceTree = SDKROOT; };
		76E1DD5B1C1BD31D00656AB0 /* CoreLocation.framework */ = {isa = PBXFileReference; lastKnownFileType = wrapper.framework; name = CoreLocation.framework; path = System/Library/Frameworks/CoreLocation.framework; sourceTree = SDKROOT; };
		85C14DE43504095EE1699137 /* libPods-TiltApp.a */ = {isa = PBXFileReference; explicitFileType = archive.ar; includeInIndex = 0; path = "libPods-TiltApp.a"; sourceTree = BUILT_PRODUCTS_DIR; };
		8C9446F9C85D6C9D9407BBDD /* Pods-TiltApp.debug.xcconfig */ = {isa = PBXFileReference; includeInIndex = 1; lastKnownFileType = text.xcconfig; name = "Pods-TiltApp.debug.xcconfig"; path = "Pods/Target Support Files/Pods-TiltApp/Pods-TiltApp.debug.xcconfig"; sourceTree = "<group>"; };
		A3B7003757D904F1421BDF08 /* Pods-TiltApp.release.xcconfig */ = {isa = PBXFileReference; includeInIndex = 1; lastKnownFileType = text.xcconfig; name = "Pods-TiltApp.release.xcconfig"; path = "Pods/Target Support Files/Pods-TiltApp/Pods-TiltApp.release.xcconfig"; sourceTree = "<group>"; };
/* End PBXFileReference section */

/* Begin PBXFrameworksBuildPhase section */
		767887CB1C18ADDB008A34C0 /* Frameworks */ = {
			isa = PBXFrameworksBuildPhase;
			buildActionMask = 2147483647;
			files = (
				76DD48B11C1E5DCF00E47F9F /* MapKit.framework in Frameworks */,
				76DD48AF1C1E5DCA00E47F9F /* CoreLocation.framework in Frameworks */,
				BE35C7789DC63CCF9C156FA7 /* libPods-TiltApp.a in Frameworks */,
			);
			runOnlyForDeploymentPostprocessing = 0;
		};
		767887E41C18ADDB008A34C0 /* Frameworks */ = {
			isa = PBXFrameworksBuildPhase;
			buildActionMask = 2147483647;
			files = (
			);
			runOnlyForDeploymentPostprocessing = 0;
		};
		767887EF1C18ADDB008A34C0 /* Frameworks */ = {
			isa = PBXFrameworksBuildPhase;
			buildActionMask = 2147483647;
			files = (
			);
			runOnlyForDeploymentPostprocessing = 0;
		};
/* End PBXFrameworksBuildPhase section */

/* Begin PBXGroup section */
		23C51477BF4B73ABB24EB5A3 /* Frameworks */ = {
			isa = PBXGroup;
			children = (
				76DD48B01C1E5DCF00E47F9F /* MapKit.framework */,
				76E1DD5B1C1BD31D00656AB0 /* CoreLocation.framework */,
				85C14DE43504095EE1699137 /* libPods-TiltApp.a */,
			);
			name = Frameworks;
			sourceTree = "<group>";
		};
		761DABF71C1D174B00924A01 /* Views */ = {
			isa = PBXGroup;
			children = (
				76642F911C1B87DA000E077A /* SelectView.h */,
				76642F921C1B87DA000E077A /* SelectView.m */,
				761DABF81C1D176100924A01 /* TipsView.h */,
				761DABF91C1D176100924A01 /* TipsView.m */,
			);
			name = Views;
			sourceTree = "<group>";
		};
		767887C51C18ADDB008A34C0 = {
			isa = PBXGroup;
			children = (
				767887D01C18ADDB008A34C0 /* TiltApp */,
				767887EA1C18ADDB008A34C0 /* TiltAppTests */,
				767887F51C18ADDB008A34C0 /* TiltAppUITests */,
				767887CF1C18ADDB008A34C0 /* Products */,
				84385A76D3581540C077B9BA /* Pods */,
				23C51477BF4B73ABB24EB5A3 /* Frameworks */,
			);
			sourceTree = "<group>";
		};
		767887CF1C18ADDB008A34C0 /* Products */ = {
			isa = PBXGroup;
			children = (
				767887CE1C18ADDB008A34C0 /* TiltApp.app */,
				767887E71C18ADDB008A34C0 /* TiltAppTests.xctest */,
				767887F21C18ADDB008A34C0 /* TiltAppUITests.xctest */,
			);
			name = Products;
			sourceTree = "<group>";
		};
		767887D01C18ADDB008A34C0 /* TiltApp */ = {
			isa = PBXGroup;
			children = (
				7678880A1C18AFE9008A34C0 /* Controllers */,
				767887D41C18ADDB008A34C0 /* AppDelegate.h */,
				761DABF71C1D174B00924A01 /* Views */,
				767887D51C18ADDB008A34C0 /* AppDelegate.m */,
				767888071C18AECF008A34C0 /* MainAPI.h */,
				767888081C18AECF008A34C0 /* MainAPI.m */,
				767887DA1C18ADDB008A34C0 /* Main.storyboard */,
				767887DD1C18ADDB008A34C0 /* Assets.xcassets */,
				767887DF1C18ADDB008A34C0 /* LaunchScreen.storyboard */,
				767887E21C18ADDB008A34C0 /* Info.plist */,
				767887D11C18ADDB008A34C0 /* Supporting Files */,
			);
			path = TiltApp;
			sourceTree = "<group>";
		};
		767887D11C18ADDB008A34C0 /* Supporting Files */ = {
			isa = PBXGroup;
			children = (
				767887D21C18ADDB008A34C0 /* main.m */,
			);
			name = "Supporting Files";
			sourceTree = "<group>";
		};
		767887EA1C18ADDB008A34C0 /* TiltAppTests */ = {
			isa = PBXGroup;
			children = (
				767887EB1C18ADDB008A34C0 /* TiltAppTests.m */,
				767887ED1C18ADDB008A34C0 /* Info.plist */,
			);
			path = TiltAppTests;
			sourceTree = "<group>";
		};
		767887F51C18ADDB008A34C0 /* TiltAppUITests */ = {
			isa = PBXGroup;
			children = (
				767887F61C18ADDB008A34C0 /* TiltAppUITests.m */,
				767887F81C18ADDB008A34C0 /* Info.plist */,
			);
			path = TiltAppUITests;
			sourceTree = "<group>";
		};
		7678880A1C18AFE9008A34C0 /* Controllers */ = {
			isa = PBXGroup;
			children = (
				767887D71C18ADDB008A34C0 /* ViewController.h */,
				767887D81C18ADDB008A34C0 /* ViewController.m */,
				767888041C18AEBB008A34C0 /* SelectViewController.h */,
				767888051C18AEBB008A34C0 /* SelectViewController.m */,
			);
			name = Controllers;
			sourceTree = "<group>";
		};
		84385A76D3581540C077B9BA /* Pods */ = {
			isa = PBXGroup;
			children = (
				8C9446F9C85D6C9D9407BBDD /* Pods-TiltApp.debug.xcconfig */,
				A3B7003757D904F1421BDF08 /* Pods-TiltApp.release.xcconfig */,
			);
			name = Pods;
			sourceTree = "<group>";
		};
/* End PBXGroup section */

/* Begin PBXNativeTarget section */
		767887CD1C18ADDB008A34C0 /* TiltApp */ = {
			isa = PBXNativeTarget;
			buildConfigurationList = 767887FB1C18ADDB008A34C0 /* Build configuration list for PBXNativeTarget "TiltApp" */;
			buildPhases = (
				B02FF9249147213B629A3F4A /* Check Pods Manifest.lock */,
				767887CA1C18ADDB008A34C0 /* Sources */,
				767887CB1C18ADDB008A34C0 /* Frameworks */,
				767887CC1C18ADDB008A34C0 /* Resources */,
				310F9F4C4A42CC96976D5F51 /* Embed Pods Frameworks */,
				C7D68EE8BAE57602E41EE522 /* Copy Pods Resources */,
			);
			buildRules = (
			);
			dependencies = (
			);
			name = TiltApp;
			productName = TiltApp;
			productReference = 767887CE1C18ADDB008A34C0 /* TiltApp.app */;
			productType = "com.apple.product-type.application";
		};
		767887E61C18ADDB008A34C0 /* TiltAppTests */ = {
			isa = PBXNativeTarget;
			buildConfigurationList = 767887FE1C18ADDB008A34C0 /* Build configuration list for PBXNativeTarget "TiltAppTests" */;
			buildPhases = (
				767887E31C18ADDB008A34C0 /* Sources */,
				767887E41C18ADDB008A34C0 /* Frameworks */,
				767887E51C18ADDB008A34C0 /* Resources */,
			);
			buildRules = (
			);
			dependencies = (
				767887E91C18ADDB008A34C0 /* PBXTargetDependency */,
			);
			name = TiltAppTests;
			productName = TiltAppTests;
			productReference = 767887E71C18ADDB008A34C0 /* TiltAppTests.xctest */;
			productType = "com.apple.product-type.bundle.unit-test";
		};
		767887F11C18ADDB008A34C0 /* TiltAppUITests */ = {
			isa = PBXNativeTarget;
			buildConfigurationList = 767888011C18ADDB008A34C0 /* Build configuration list for PBXNativeTarget "TiltAppUITests" */;
			buildPhases = (
				767887EE1C18ADDB008A34C0 /* Sources */,
				767887EF1C18ADDB008A34C0 /* Frameworks */,
				767887F01C18ADDB008A34C0 /* Resources */,
			);
			buildRules = (
			);
			dependencies = (
				767887F41C18ADDB008A34C0 /* PBXTargetDependency */,
			);
			name = TiltAppUITests;
			productName = TiltAppUITests;
			productReference = 767887F21C18ADDB008A34C0 /* TiltAppUITests.xctest */;
			productType = "com.apple.product-type.bundle.ui-testing";
		};
/* End PBXNativeTarget section */

/* Begin PBXProject section */
		767887C61C18ADDB008A34C0 /* Project object */ = {
			isa = PBXProject;
			attributes = {
				LastUpgradeCheck = 0710;
				ORGANIZATIONNAME = none;
				TargetAttributes = {
					767887CD1C18ADDB008A34C0 = {
						CreatedOnToolsVersion = 7.1;
						DevelopmentTeam = PY2F85P8PP;
					};
					767887E61C18ADDB008A34C0 = {
						CreatedOnToolsVersion = 7.1;
						TestTargetID = 767887CD1C18ADDB008A34C0;
					};
					767887F11C18ADDB008A34C0 = {
						CreatedOnToolsVersion = 7.1;
						TestTargetID = 767887CD1C18ADDB008A34C0;
					};
				};
			};
			buildConfigurationList = 767887C91C18ADDB008A34C0 /* Build configuration list for PBXProject "TiltApp" */;
			compatibilityVersion = "Xcode 3.2";
			developmentRegion = English;
			hasScannedForEncodings = 0;
			knownRegions = (
				en,
				Base,
			);
			mainGroup = 767887C51C18ADDB008A34C0;
			productRefGroup = 767887CF1C18ADDB008A34C0 /* Products */;
			projectDirPath = "";
			projectRoot = "";
			targets = (
				767887CD1C18ADDB008A34C0 /* TiltApp */,
				767887E61C18ADDB008A34C0 /* TiltAppTests */,
				767887F11C18ADDB008A34C0 /* TiltAppUITests */,
			);
		};
/* End PBXProject section */

/* Begin PBXResourcesBuildPhase section */
		767887CC1C18ADDB008A34C0 /* Resources */ = {
			isa = PBXResourcesBuildPhase;
			buildActionMask = 2147483647;
			files = (
				767887E11C18ADDB008A34C0 /* LaunchScreen.storyboard in Resources */,
				767887DE1C18ADDB008A34C0 /* Assets.xcassets in Resources */,
				767887DC1C18ADDB008A34C0 /* Main.storyboard in Resources */,
			);
			runOnlyForDeploymentPostprocessing = 0;
		};
		767887E51C18ADDB008A34C0 /* Resources */ = {
			isa = PBXResourcesBuildPhase;
			buildActionMask = 2147483647;
			files = (
			);
			runOnlyForDeploymentPostprocessing = 0;
		};
		767887F01C18ADDB008A34C0 /* Resources */ = {
			isa = PBXResourcesBuildPhase;
			buildActionMask = 2147483647;
			files = (
			);
			runOnlyForDeploymentPostprocessing = 0;
		};
/* End PBXResourcesBuildPhase section */

/* Begin PBXShellScriptBuildPhase section */
		310F9F4C4A42CC96976D5F51 /* Embed Pods Frameworks */ = {
			isa = PBXShellScriptBuildPhase;
			buildActionMask = 2147483647;
			files = (
			);
			inputPaths = (
			);
			name = "Embed Pods Frameworks";
			outputPaths = (
			);
			runOnlyForDeploymentPostprocessing = 0;
			shellPath = /bin/sh;
			shellScript = "\"${SRCROOT}/Pods/Target Support Files/Pods-TiltApp/Pods-TiltApp-frameworks.sh\"\n";
			showEnvVarsInLog = 0;
		};
		B02FF9249147213B629A3F4A /* Check Pods Manifest.lock */ = {
			isa = PBXShellScriptBuildPhase;
			buildActionMask = 2147483647;
			files = (
			);
			inputPaths = (
			);
			name = "Check Pods Manifest.lock";
			outputPaths = (
			);
			runOnlyForDeploymentPostprocessing = 0;
			shellPath = /bin/sh;
			shellScript = "diff \"${PODS_ROOT}/../Podfile.lock\" \"${PODS_ROOT}/Manifest.lock\" > /dev/null\nif [[ $? != 0 ]] ; then\n    cat << EOM\nerror: The sandbox is not in sync with the Podfile.lock. Run 'pod install' or update your CocoaPods installation.\nEOM\n    exit 1\nfi\n";
			showEnvVarsInLog = 0;
		};
		C7D68EE8BAE57602E41EE522 /* Copy Pods Resources */ = {
			isa = PBXShellScriptBuildPhase;
			buildActionMask = 2147483647;
			files = (
			);
			inputPaths = (
			);
			name = "Copy Pods Resources";
			outputPaths = (
			);
			runOnlyForDeploymentPostprocessing = 0;
			shellPath = /bin/sh;
			shellScript = "\"${SRCROOT}/Pods/Target Support Files/Pods-TiltApp/Pods-TiltApp-resources.sh\"\n";
			showEnvVarsInLog = 0;
		};
/* End PBXShellScriptBuildPhase section */

/* Begin PBXSourcesBuildPhase section */
		767887CA1C18ADDB008A34C0 /* Sources */ = {
			isa = PBXSourcesBuildPhase;
			buildActionMask = 2147483647;
			files = (
				767888061C18AEBB008A34C0 /* SelectViewController.m in Sources */,
				761DABFA1C1D176100924A01 /* TipsView.m in Sources */,
				767887D91C18ADDB008A34C0 /* ViewController.m in Sources */,
				76642F931C1B87DA000E077A /* SelectView.m in Sources */,
				767887D61C18ADDB008A34C0 /* AppDelegate.m in Sources */,
				767888091C18AECF008A34C0 /* MainAPI.m in Sources */,
				767887D31C18ADDB008A34C0 /* main.m in Sources */,
			);
			runOnlyForDeploymentPostprocessing = 0;
		};
		767887E31C18ADDB008A34C0 /* Sources */ = {
			isa = PBXSourcesBuildPhase;
			buildActionMask = 2147483647;
			files = (
				767887EC1C18ADDB008A34C0 /* TiltAppTests.m in Sources */,
			);
			runOnlyForDeploymentPostprocessing = 0;
		};
		767887EE1C18ADDB008A34C0 /* Sources */ = {
			isa = PBXSourcesBuildPhase;
			buildActionMask = 2147483647;
			files = (
				767887F71C18ADDB008A34C0 /* TiltAppUITests.m in Sources */,
			);
			runOnlyForDeploymentPostprocessing = 0;
		};
/* End PBXSourcesBuildPhase section */

/* Begin PBXTargetDependency section */
		767887E91C18ADDB008A34C0 /* PBXTargetDependency */ = {
			isa = PBXTargetDependency;
			target = 767887CD1C18ADDB008A34C0 /* TiltApp */;
			targetProxy = 767887E81C18ADDB008A34C0 /* PBXContainerItemProxy */;
		};
		767887F41C18ADDB008A34C0 /* PBXTargetDependency */ = {
			isa = PBXTargetDependency;
			target = 767887CD1C18ADDB008A34C0 /* TiltApp */;
			targetProxy = 767887F31C18ADDB008A34C0 /* PBXContainerItemProxy */;
		};
/* End PBXTargetDependency section */

/* Begin PBXVariantGroup section */
		767887DA1C18ADDB008A34C0 /* Main.storyboard */ = {
			isa = PBXVariantGroup;
			children = (
				767887DB1C18ADDB008A34C0 /* Base */,
			);
			name = Main.storyboard;
			sourceTree = "<group>";
		};
		767887DF1C18ADDB008A34C0 /* LaunchScreen.storyboard */ = {
			isa = PBXVariantGroup;
			children = (
				767887E01C18ADDB008A34C0 /* Base */,
			);
			name = LaunchScreen.storyboard;
			sourceTree = "<group>";
		};
/* End PBXVariantGroup section */

/* Begin XCBuildConfiguration section */
		767887F91C18ADDB008A34C0 /* Debug */ = {
			isa = XCBuildConfiguration;
			buildSettings = {
				ALWAYS_SEARCH_USER_PATHS = NO;
				CLANG_CXX_LANGUAGE_STANDARD = "gnu++0x";
				CLANG_CXX_LIBRARY = "libc++";
				CLANG_ENABLE_MODULES = YES;
				CLANG_ENABLE_OBJC_ARC = YES;
				CLANG_WARN_BOOL_CONVERSION = YES;
				CLANG_WARN_CONSTANT_CONVERSION = YES;
				CLANG_WARN_DIRECT_OBJC_ISA_USAGE = YES_ERROR;
				CLANG_WARN_EMPTY_BODY = YES;
				CLANG_WARN_ENUM_CONVERSION = YES;
				CLANG_WARN_INT_CONVERSION = YES;
				CLANG_WARN_OBJC_ROOT_CLASS = YES_ERROR;
				CLANG_WARN_UNREACHABLE_CODE = YES;
				CLANG_WARN__DUPLICATE_METHOD_MATCH = YES;
				"CODE_SIGN_IDENTITY[sdk=iphoneos*]" = "iPhone Developer";
				COPY_PHASE_STRIP = NO;
				DEBUG_INFORMATION_FORMAT = dwarf;
				ENABLE_STRICT_OBJC_MSGSEND = YES;
				ENABLE_TESTABILITY = YES;
				GCC_C_LANGUAGE_STANDARD = gnu99;
				GCC_DYNAMIC_NO_PIC = NO;
				GCC_NO_COMMON_BLOCKS = YES;
				GCC_OPTIMIZATION_LEVEL = 0;
				GCC_PREPROCESSOR_DEFINITIONS = (
					"DEBUG=1",
					"$(inherited)",
				);
				GCC_WARN_64_TO_32_BIT_CONVERSION = YES;
				GCC_WARN_ABOUT_RETURN_TYPE = YES_ERROR;
				GCC_WARN_UNDECLARED_SELECTOR = YES;
				GCC_WARN_UNINITIALIZED_AUTOS = YES_AGGRESSIVE;
				GCC_WARN_UNUSED_FUNCTION = YES;
				GCC_WARN_UNUSED_VARIABLE = YES;
				IPHONEOS_DEPLOYMENT_TARGET = 9.1;
				MTL_ENABLE_DEBUG_INFO = YES;
				ONLY_ACTIVE_ARCH = YES;
				SDKROOT = iphoneos;
			};
			name = Debug;
		};
		767887FA1C18ADDB008A34C0 /* Release */ = {
			isa = XCBuildConfiguration;
			buildSettings = {
				ALWAYS_SEARCH_USER_PATHS = NO;
				CLANG_CXX_LANGUAGE_STANDARD = "gnu++0x";
				CLANG_CXX_LIBRARY = "libc++";
				CLANG_ENABLE_MODULES = YES;
				CLANG_ENABLE_OBJC_ARC = YES;
				CLANG_WARN_BOOL_CONVERSION = YES;
				CLANG_WARN_CONSTANT_CONVERSION = YES;
				CLANG_WARN_DIRECT_OBJC_ISA_USAGE = YES_ERROR;
				CLANG_WARN_EMPTY_BODY = YES;
				CLANG_WARN_ENUM_CONVERSION = YES;
				CLANG_WARN_INT_CONVERSION = YES;
				CLANG_WARN_OBJC_ROOT_CLASS = YES_ERROR;
				CLANG_WARN_UNREACHABLE_CODE = YES;
				CLANG_WARN__DUPLICATE_METHOD_MATCH = YES;
				"CODE_SIGN_IDENTITY[sdk=iphoneos*]" = "iPhone Developer";
				COPY_PHASE_STRIP = NO;
				DEBUG_INFORMATION_FORMAT = "dwarf-with-dsym";
				ENABLE_NS_ASSERTIONS = NO;
				ENABLE_STRICT_OBJC_MSGSEND = YES;
				GCC_C_LANGUAGE_STANDARD = gnu99;
				GCC_NO_COMMON_BLOCKS = YES;
				GCC_WARN_64_TO_32_BIT_CONVERSION = YES;
				GCC_WARN_ABOUT_RETURN_TYPE = YES_ERROR;
				GCC_WARN_UNDECLARED_SELECTOR = YES;
				GCC_WARN_UNINITIALIZED_AUTOS = YES_AGGRESSIVE;
				GCC_WARN_UNUSED_FUNCTION = YES;
				GCC_WARN_UNUSED_VARIABLE = YES;
				IPHONEOS_DEPLOYMENT_TARGET = 9.1;
				MTL_ENABLE_DEBUG_INFO = NO;
				SDKROOT = iphoneos;
				VALIDATE_PRODUCT = YES;
			};
			name = Release;
		};
		767887FC1C18ADDB008A34C0 /* Debug */ = {
			isa = XCBuildConfiguration;
			baseConfigurationReference = 8C9446F9C85D6C9D9407BBDD /* Pods-TiltApp.debug.xcconfig */;
			buildSettings = {
				ASSETCATALOG_COMPILER_APPICON_NAME = AppIcon;
				CODE_SIGN_IDENTITY = "iPhone Developer";
				INFOPLIST_FILE = TiltApp/Info.plist;
				IPHONEOS_DEPLOYMENT_TARGET = 9.0;
				LD_RUNPATH_SEARCH_PATHS = "$(inherited) @executable_path/Frameworks";
				PRODUCT_BUNDLE_IDENTIFIER = none.TiltApp;
				PRODUCT_NAME = "$(TARGET_NAME)";
			};
			name = Debug;
		};
		767887FD1C18ADDB008A34C0 /* Release */ = {
			isa = XCBuildConfiguration;
			baseConfigurationReference = A3B7003757D904F1421BDF08 /* Pods-TiltApp.release.xcconfig */;
			buildSettings = {
				ASSETCATALOG_COMPILER_APPICON_NAME = AppIcon;
				CODE_SIGN_IDENTITY = "iPhone Developer";
				INFOPLIST_FILE = TiltApp/Info.plist;
				IPHONEOS_DEPLOYMENT_TARGET = 9.0;
				LD_RUNPATH_SEARCH_PATHS = "$(inherited) @executable_path/Frameworks";
				PRODUCT_BUNDLE_IDENTIFIER = none.TiltApp;
				PRODUCT_NAME = "$(TARGET_NAME)";
			};
			name = Release;
		};
		767887FF1C18ADDB008A34C0 /* Debug */ = {
			isa = XCBuildConfiguration;
			buildSettings = {
				BUNDLE_LOADER = "$(TEST_HOST)";
				INFOPLIST_FILE = TiltAppTests/Info.plist;
				LD_RUNPATH_SEARCH_PATHS = "$(inherited) @executable_path/Frameworks @loader_path/Frameworks";
				PRODUCT_BUNDLE_IDENTIFIER = none.TiltAppTests;
				PRODUCT_NAME = "$(TARGET_NAME)";
				TEST_HOST = "$(BUILT_PRODUCTS_DIR)/TiltApp.app/TiltApp";
			};
			name = Debug;
		};
		767888001C18ADDB008A34C0 /* Release */ = {
			isa = XCBuildConfiguration;
			buildSettings = {
				BUNDLE_LOADER = "$(TEST_HOST)";
				INFOPLIST_FILE = TiltAppTests/Info.plist;
				LD_RUNPATH_SEARCH_PATHS = "$(inherited) @executable_path/Frameworks @loader_path/Frameworks";
				PRODUCT_BUNDLE_IDENTIFIER = none.TiltAppTests;
				PRODUCT_NAME = "$(TARGET_NAME)";
				TEST_HOST = "$(BUILT_PRODUCTS_DIR)/TiltApp.app/TiltApp";
			};
			name = Release;
		};
		767888021C18ADDB008A34C0 /* Debug */ = {
			isa = XCBuildConfiguration;
			buildSettings = {
				INFOPLIST_FILE = TiltAppUITests/Info.plist;
				LD_RUNPATH_SEARCH_PATHS = "$(inherited) @executable_path/Frameworks @loader_path/Frameworks";
				PRODUCT_BUNDLE_IDENTIFIER = none.TiltAppUITests;
				PRODUCT_NAME = "$(TARGET_NAME)";
				TEST_TARGET_NAME = TiltApp;
				USES_XCTRUNNER = YES;
			};
			name = Debug;
		};
		767888031C18ADDB008A34C0 /* Release */ = {
			isa = XCBuildConfiguration;
			buildSettings = {
				INFOPLIST_FILE = TiltAppUITests/Info.plist;
				LD_RUNPATH_SEARCH_PATHS = "$(inherited) @executable_path/Frameworks @loader_path/Frameworks";
				PRODUCT_BUNDLE_IDENTIFIER = none.TiltAppUITests;
				PRODUCT_NAME = "$(TARGET_NAME)";
				TEST_TARGET_NAME = TiltApp;
				USES_XCTRUNNER = YES;
			};
			name = Release;
		};
/* End XCBuildConfiguration section */

/* Begin XCConfigurationList section */
		767887C91C18ADDB008A34C0 /* Build configuration list for PBXProject "TiltApp" */ = {
			isa = XCConfigurationList;
			buildConfigurations = (
				767887F91C18ADDB008A34C0 /* Debug */,
				767887FA1C18ADDB008A34C0 /* Release */,
			);
			defaultConfigurationIsVisible = 0;
			defaultConfigurationName = Release;
		};
		767887FB1C18ADDB008A34C0 /* Build configuration list for PBXNativeTarget "TiltApp" */ = {
			isa = XCConfigurationList;
			buildConfigurations = (
				767887FC1C18ADDB008A34C0 /* Debug */,
				767887FD1C18ADDB008A34C0 /* Release */,
			);
			defaultConfigurationIsVisible = 0;
			defaultConfigurationName = Release;
		};
		767887FE1C18ADDB008A34C0 /* Build configuration list for PBXNativeTarget "TiltAppTests" */ = {
			isa = XCConfigurationList;
			buildConfigurations = (
				767887FF1C18ADDB008A34C0 /* Debug */,
				767888001C18ADDB008A34C0 /* Release */,
			);
			defaultConfigurationIsVisible = 0;
			defaultConfigurationName = Release;
		};
		767888011C18ADDB008A34C0 /* Build configuration list for PBXNativeTarget "TiltAppUITests" */ = {
			isa = XCConfigurationList;
			buildConfigurations = (
				767888021C18ADDB008A34C0 /* Debug */,
				767888031C18ADDB008A34C0 /* Release */,
			);
			defaultConfigurationIsVisible = 0;
			defaultConfigurationName = Release;
		};
/* End XCConfigurationList section */
	};
	rootObject = 767887C61C18ADDB008A34C0 /* Project object */;
}
